
Microsoft Visual Studio Solution File, Format Version 12.00
# Visual Studio Version 17
VisualStudioVersion = 17.9.34728.123
MinimumVisualStudioVersion = 10.0.40219.1
Project("{FAE04EC0-301F-11D3-BF4B-00C04F79EFBC}") = "Core", "Core\Core.csproj", "{551EA1B3-B1C7-4B3B-9C40-570072AB744A}"
EndProject
Project("{FAE04EC0-301F-11D3-BF4B-00C04F79EFBC}") = "Data", "Data\Data.csproj", "{CC65D709-B9AF-4570-966A-A44CC89530A6}"
EndProject
Project("{FAE04EC0-301F-11D3-BF4B-00C04F79EFBC}") = "Business", "Business\Business.csproj", "{4D8C51C2-8E56-4221-8A68-31CBD788D68A}"
EndProject
Project("{FAE04EC0-301F-11D3-BF4B-00C04F79EFBC}") = "Web", "Web\Web.csproj", "{C4925392-C184-44B1-82EF-E3E4E81A6E89}"
EndProject
Global
	GlobalSection(SolutionConfigurationPlatforms) = preSolution
		Debug|Any CPU = Debug|Any CPU
		Release|Any CPU = Release|Any CPU
	EndGlobalSection
	GlobalSection(ProjectConfigurationPlatforms) = postSolution
		{551EA1B3-B1C7-4B3B-9C40-570072AB744A}.Debug|Any CPU.ActiveCfg = Debug|Any CPU
		{551EA1B3-B1C7-4B3B-9C40-570072AB744A}.Debug|Any CPU.Build.0 = Debug|Any CPU
		{551EA1B3-B1C7-4B3B-9C40-570072AB744A}.Release|Any CPU.ActiveCfg = Release|Any CPU
		{551EA1B3-B1C7-4B3B-9C40-570072AB744A}.Release|Any CPU.Build.0 = Release|Any CPU
		{CC65D709-B9AF-4570-966A-A44CC89530A6}.Debug|Any CPU.ActiveCfg = Debug|Any CPU
		{CC65D709-B9AF-4570-966A-A44CC89530A6}.Debug|Any CPU.Build.0 = Debug|Any CPU
		{CC65D709-B9AF-4570-966A-A44CC89530A6}.Release|Any CPU.ActiveCfg = Release|Any CPU
		{CC65D709-B9AF-4570-966A-A44CC89530A6}.Release|Any CPU.Build.0 = Release|Any CPU
		{4D8C51C2-8E56-4221-8A68-31CBD788D68A}.Debug|Any CPU.ActiveCfg = Debug|Any CPU
		{4D8C51C2-8E56-4221-8A68-31CBD788D68A}.Debug|Any CPU.Build.0 = Debug|Any CPU
		{4D8C51C2-8E56-4221-8A68-31CBD788D68A}.Release|Any CPU.ActiveCfg = Release|Any CPU
		{4D8C51C2-8E56-4221-8A68-31CBD788D68A}.Release|Any CPU.Build.0 = Release|Any CPU
		{C4925392-C184-44B1-82EF-E3E4E81A6E89}.Debug|Any CPU.ActiveCfg = Debug|Any CPU
		{C4925392-C184-44B1-82EF-E3E4E81A6E89}.Debug|Any CPU.Build.0 = Debug|Any CPU
		{C4925392-C184-44B1-82EF-E3E4E81A6E89}.Release|Any CPU.ActiveCfg = Release|Any CPU
		{C4925392-C184-44B1-82EF-E3E4E81A6E89}.Release|Any CPU.Build.0 = Release|Any CPU
	EndGlobalSection
	GlobalSection(SolutionProperties) = preSolution
		HideSolutionNode = FALSE
	EndGlobalSection
	GlobalSection(ExtensibilityGlobals) = postSolution
		SolutionGuid = {2208252A-765D-4452-9007-04DCAA12B5BF}
	EndGlobalSection
EndGlobal
